# This file is automatically @generated by Cargo.
# It is not intended for manual editing.
version = 4

[[package]]
name = "libgfxinit-rs"
version = "0.1.0"
dependencies = [
 "libgfxinit-sys",
]

[[package]]
name = "libgfxinit-src"
version = "0.1.0"

[[package]]
name = "libgfxinit-sys"
version = "0.1.0"
dependencies = [
 "libgfxinit-src",
]
